{
  "name": "06-proyectos",
  "version": "1.0.0",
  "lockfileVersion": 1,
  "requires": true,
  "dependencies": {
    "libreria-cssu": {
      "version": "1.2.0",
      "resolved": "https://registry.npmjs.org/libreria-cssu/-/libreria-cssu-1.2.0.tgz",
      "integrity": "sha512-07JOt8HnCvFe0EW7b0nsxYBipgKeR24cpBBFmJRnotPoER3R/RdqbC+zYgqgzDbhZGWWYGZAI+S4vBeI1PCabA=="
    }
  }
}
