{
  "name": "06-proyectos",
  "version": "1.0.0",
  "lockfileVersion": 1,
  "requires": true,
  "dependencies": {
    "libreria-cssu": {
      "version": "1.0.1",
      "resolved": "https://registry.npmjs.org/libreria-cssu/-/libreria-cssu-1.0.1.tgz",
      "integrity": "sha512-vnW2I6ZHWUv6fkpXinkSwCMEf4p6EBlXBkS7Hhfq9B5oV1IxYXz515Wh4n2hIyIjDP0GHqVxQ3JPGtjQctu38w=="
    }
  }
}
